// !$*UTF8*$!
{
	archiveVersion = 1;
	classes = {
	};
	objectVersion = 46;
	objects = {

/* Begin PBXBuildFile section */
		E80CB0131D5DBF3000FFD217 /* DTRLexemString.cpp in Sources */ = {isa = PBXBuildFile; fileRef = E80CB0111D5DBF3000FFD217 /* DTRLexemString.cpp */; };
		E80CB0161D5DC86500FFD217 /* DTRSyntacticResultObject.cpp in Sources */ = {isa = PBXBuildFile; fileRef = E80CB0141D5DC86500FFD217 /* DTRSyntacticResultObject.cpp */; };
		E80CB0191D5DC90E00FFD217 /* DTRSyntacticObject.cpp in Sources */ = {isa = PBXBuildFile; fileRef = E80CB0171D5DC90E00FFD217 /* DTRSyntacticObject.cpp */; };
		E80CB01D1D5DCA0200FFD217 /* DTRLexemParser.cpp in Sources */ = {isa = PBXBuildFile; fileRef = E80CB01B1D5DCA0200FFD217 /* DTRLexemParser.cpp */; };
		E8E664D41D64B18D00446EF3 /* DelimiterSyntacticObject.cpp in Sources */ = {isa = PBXBuildFile; fileRef = E8E664D21D64B18D00446EF3 /* DelimiterSyntacticObject.cpp */; };
		E8E664D71D64B21200446EF3 /* TokenAnalyzerCreater.cpp in Sources */ = {isa = PBXBuildFile; fileRef = E8E664D51D64B21200446EF3 /* TokenAnalyzerCreater.cpp */; };
		E8E664DA1D64B34800446EF3 /* LexemSyntacticObject.cpp in Sources */ = {isa = PBXBuildFile; fileRef = E8E664D81D64B34800446EF3 /* LexemSyntacticObject.cpp */; };
		E8E664DD1D64B37300446EF3 /* NotLexemSyntacticObject.cpp in Sources */ = {isa = PBXBuildFile; fileRef = E8E664DB1D64B37300446EF3 /* NotLexemSyntacticObject.cpp */; };
		E8E664E01D64B3B100446EF3 /* RangeSyntacticObject.cpp in Sources */ = {isa = PBXBuildFile; fileRef = E8E664DE1D64B3B100446EF3 /* RangeSyntacticObject.cpp */; };
		E8E664E61D64B3D900446EF3 /* ClinicalSyntacticObject.cpp in Sources */ = {isa = PBXBuildFile; fileRef = E8E664E41D64B3D900446EF3 /* ClinicalSyntacticObject.cpp */; };
		E8E664E91D64B3EC00446EF3 /* QuestionSyntacticObject.cpp in Sources */ = {isa = PBXBuildFile; fileRef = E8E664E71D64B3EC00446EF3 /* QuestionSyntacticObject.cpp */; };
		E8E664EC1D64B40200446EF3 /* ConcatenationSyntacticObject.cpp in Sources */ = {isa = PBXBuildFile; fileRef = E8E664EA1D64B40200446EF3 /* ConcatenationSyntacticObject.cpp */; };
		E8E664F21D64CB1400446EF3 /* PlusClinicalSyntacticObject.cpp in Sources */ = {isa = PBXBuildFile; fileRef = E8E664F01D64CB1400446EF3 /* PlusClinicalSyntacticObject.cpp */; };
		E8E855D81D5D84EE00ED360E /* main.cpp in Sources */ = {isa = PBXBuildFile; fileRef = E8E855D71D5D84EE00ED360E /* main.cpp */; };
		E8E855E11D5D91F100ED360E /* DTRTokensAnalyzer.cpp in Sources */ = {isa = PBXBuildFile; fileRef = E8E855DF1D5D91F100ED360E /* DTRTokensAnalyzer.cpp */; };
		E8E855E41D5D920100ED360E /* DTRLexem.cpp in Sources */ = {isa = PBXBuildFile; fileRef = E8E855E21D5D920100ED360E /* DTRLexem.cpp */; };
		E8E855E81D5D94E300ED360E /* DTRSymbosLexem.cpp in Sources */ = {isa = PBXBuildFile; fileRef = E8E855E61D5D94E300ED360E /* DTRSymbosLexem.cpp */; };
		E8E855EB1D5D973B00ED360E /* DTRRangeLexem.cpp in Sources */ = {isa = PBXBuildFile; fileRef = E8E855E91D5D973B00ED360E /* DTRRangeLexem.cpp */; };
		E8E855EE1D5D975200ED360E /* DTRListLexem.cpp in Sources */ = {isa = PBXBuildFile; fileRef = E8E855EC1D5D975200ED360E /* DTRListLexem.cpp */; };
		E8E855F11D5D977900ED360E /* DTRNotLexem.cpp in Sources */ = {isa = PBXBuildFile; fileRef = E8E855EF1D5D977900ED360E /* DTRNotLexem.cpp */; };
		E8E855F41D5D978E00ED360E /* DTRSequenceLexem.cpp in Sources */ = {isa = PBXBuildFile; fileRef = E8E855F21D5D978E00ED360E /* DTRSequenceLexem.cpp */; };
		E8E855F71D5D979F00ED360E /* DTRIfLexem.cpp in Sources */ = {isa = PBXBuildFile; fileRef = E8E855F51D5D979F00ED360E /* DTRIfLexem.cpp */; };
		E8E855FA1D5D97AC00ED360E /* DTRConcatenationLexem.cpp in Sources */ = {isa = PBXBuildFile; fileRef = E8E855F81D5D97AC00ED360E /* DTRConcatenationLexem.cpp */; };
		E8E855FE1D5DB50D00ED360E /* DTRSyntacticAnalyzer.cpp in Sources */ = {isa = PBXBuildFile; fileRef = E8E855FC1D5DB50D00ED360E /* DTRSyntacticAnalyzer.cpp */; };
/* End PBXBuildFile section */

/* Begin PBXCopyFilesBuildPhase section */
		E8E855D21D5D84ED00ED360E /* CopyFiles */ = {
			isa = PBXCopyFilesBuildPhase;
			buildActionMask = 2147483647;
			dstPath = /usr/share/man/man1/;
			dstSubfolderSpec = 0;
			files = (
			);
			runOnlyForDeploymentPostprocessing = 1;
		};
/* End PBXCopyFilesBuildPhase section */

/* Begin PBXFileReference section */
		E80CB0111D5DBF3000FFD217 /* DTRLexemString.cpp */ = {isa = PBXFileReference; fileEncoding = 4; lastKnownFileType = sourcecode.cpp.cpp; path = DTRLexemString.cpp; sourceTree = "<group>"; };
		E80CB0121D5DBF3000FFD217 /* DTRLexemString.hpp */ = {isa = PBXFileReference; fileEncoding = 4; lastKnownFileType = sourcecode.cpp.h; path = DTRLexemString.hpp; sourceTree = "<group>"; };
		E80CB0141D5DC86500FFD217 /* DTRSyntacticResultObject.cpp */ = {isa = PBXFileReference; fileEncoding = 4; lastKnownFileType = sourcecode.cpp.cpp; path = DTRSyntacticResultObject.cpp; sourceTree = "<group>"; };
		E80CB0151D5DC86500FFD217 /* DTRSyntacticResultObject.hpp */ = {isa = PBXFileReference; fileEncoding = 4; lastKnownFileType = sourcecode.cpp.h; path = DTRSyntacticResultObject.hpp; sourceTree = "<group>"; };
		E80CB0171D5DC90E00FFD217 /* DTRSyntacticObject.cpp */ = {isa = PBXFileReference; fileEncoding = 4; lastKnownFileType = sourcecode.cpp.cpp; path = DTRSyntacticObject.cpp; sourceTree = "<group>"; };
		E80CB0181D5DC90E00FFD217 /* DTRSyntacticObject.hpp */ = {isa = PBXFileReference; fileEncoding = 4; lastKnownFileType = sourcecode.cpp.h; path = DTRSyntacticObject.hpp; sourceTree = "<group>"; };
		E80CB01B1D5DCA0200FFD217 /* DTRLexemParser.cpp */ = {isa = PBXFileReference; fileEncoding = 4; lastKnownFileType = sourcecode.cpp.cpp; path = DTRLexemParser.cpp; sourceTree = "<group>"; };
		E80CB01C1D5DCA0200FFD217 /* DTRLexemParser.hpp */ = {isa = PBXFileReference; fileEncoding = 4; lastKnownFileType = sourcecode.cpp.h; path = DTRLexemParser.hpp; sourceTree = "<group>"; };
		E8E664D01D64761100446EF3 /* DTRAllLexems.h */ = {isa = PBXFileReference; lastKnownFileType = sourcecode.c.h; path = DTRAllLexems.h; sourceTree = "<group>"; };
		E8E664D21D64B18D00446EF3 /* DelimiterSyntacticObject.cpp */ = {isa = PBXFileReference; fileEncoding = 4; lastKnownFileType = sourcecode.cpp.cpp; path = DelimiterSyntacticObject.cpp; sourceTree = "<group>"; };
		E8E664D31D64B18D00446EF3 /* DelimiterSyntacticObject.hpp */ = {isa = PBXFileReference; fileEncoding = 4; lastKnownFileType = sourcecode.cpp.h; path = DelimiterSyntacticObject.hpp; sourceTree = "<group>"; };
		E8E664D51D64B21200446EF3 /* TokenAnalyzerCreater.cpp */ = {isa = PBXFileReference; fileEncoding = 4; lastKnownFileType = sourcecode.cpp.cpp; path = TokenAnalyzerCreater.cpp; sourceTree = "<group>"; };
		E8E664D61D64B21200446EF3 /* TokenAnalyzerCreater.hpp */ = {isa = PBXFileReference; fileEncoding = 4; lastKnownFileType = sourcecode.cpp.h; path = TokenAnalyzerCreater.hpp; sourceTree = "<group>"; };
		E8E664D81D64B34800446EF3 /* LexemSyntacticObject.cpp */ = {isa = PBXFileReference; fileEncoding = 4; lastKnownFileType = sourcecode.cpp.cpp; path = LexemSyntacticObject.cpp; sourceTree = "<group>"; };
		E8E664D91D64B34800446EF3 /* LexemSyntacticObject.hpp */ = {isa = PBXFileReference; fileEncoding = 4; lastKnownFileType = sourcecode.cpp.h; path = LexemSyntacticObject.hpp; sourceTree = "<group>"; };
		E8E664DB1D64B37300446EF3 /* NotLexemSyntacticObject.cpp */ = {isa = PBXFileReference; fileEncoding = 4; lastKnownFileType = sourcecode.cpp.cpp; path = NotLexemSyntacticObject.cpp; sourceTree = "<group>"; };
		E8E664DC1D64B37300446EF3 /* NotLexemSyntacticObject.hpp */ = {isa = PBXFileReference; fileEncoding = 4; lastKnownFileType = sourcecode.cpp.h; path = NotLexemSyntacticObject.hpp; sourceTree = "<group>"; };
		E8E664DE1D64B3B100446EF3 /* RangeSyntacticObject.cpp */ = {isa = PBXFileReference; fileEncoding = 4; lastKnownFileType = sourcecode.cpp.cpp; path = RangeSyntacticObject.cpp; sourceTree = "<group>"; };
		E8E664DF1D64B3B100446EF3 /* RangeSyntacticObject.hpp */ = {isa = PBXFileReference; fileEncoding = 4; lastKnownFileType = sourcecode.cpp.h; path = RangeSyntacticObject.hpp; sourceTree = "<group>"; };
		E8E664E41D64B3D900446EF3 /* ClinicalSyntacticObject.cpp */ = {isa = PBXFileReference; fileEncoding = 4; lastKnownFileType = sourcecode.cpp.cpp; path = ClinicalSyntacticObject.cpp; sourceTree = "<group>"; };
		E8E664E51D64B3D900446EF3 /* ClinicalSyntacticObject.hpp */ = {isa = PBXFileReference; fileEncoding = 4; lastKnownFileType = sourcecode.cpp.h; path = ClinicalSyntacticObject.hpp; sourceTree = "<group>"; };
		E8E664E71D64B3EC00446EF3 /* QuestionSyntacticObject.cpp */ = {isa = PBXFileReference; fileEncoding = 4; lastKnownFileType = sourcecode.cpp.cpp; path = QuestionSyntacticObject.cpp; sourceTree = "<group>"; };
		E8E664E81D64B3EC00446EF3 /* QuestionSyntacticObject.hpp */ = {isa = PBXFileReference; fileEncoding = 4; lastKnownFileType = sourcecode.cpp.h; path = QuestionSyntacticObject.hpp; sourceTree = "<group>"; };
		E8E664EA1D64B40200446EF3 /* ConcatenationSyntacticObject.cpp */ = {isa = PBXFileReference; fileEncoding = 4; lastKnownFileType = sourcecode.cpp.cpp; path = ConcatenationSyntacticObject.cpp; sourceTree = "<group>"; };
		E8E664EB1D64B40200446EF3 /* ConcatenationSyntacticObject.hpp */ = {isa = PBXFileReference; fileEncoding = 4; lastKnownFileType = sourcecode.cpp.h; path = ConcatenationSyntacticObject.hpp; sourceTree = "<group>"; };
		E8E664EE1D64B4AC00446EF3 /* DTRAllSyntacticObjectsForLexemParse.hpp */ = {isa = PBXFileReference; fileEncoding = 4; lastKnownFileType = sourcecode.cpp.h; path = DTRAllSyntacticObjectsForLexemParse.hpp; sourceTree = "<group>"; };
		E8E664F01D64CB1400446EF3 /* PlusClinicalSyntacticObject.cpp */ = {isa = PBXFileReference; fileEncoding = 4; lastKnownFileType = sourcecode.cpp.cpp; path = PlusClinicalSyntacticObject.cpp; sourceTree = "<group>"; };
		E8E664F11D64CB1400446EF3 /* PlusClinicalSyntacticObject.hpp */ = {isa = PBXFileReference; fileEncoding = 4; lastKnownFileType = sourcecode.cpp.h; path = PlusClinicalSyntacticObject.hpp; sourceTree = "<group>"; };
		E8E855D41D5D84ED00ED360E /* DTR */ = {isa = PBXFileReference; explicitFileType = "compiled.mach-o.executable"; includeInIndex = 0; path = DTR; sourceTree = BUILT_PRODUCTS_DIR; };
		E8E855D71D5D84EE00ED360E /* main.cpp */ = {isa = PBXFileReference; lastKnownFileType = sourcecode.cpp.cpp; path = main.cpp; sourceTree = "<group>"; };
		E8E855DF1D5D91F100ED360E /* DTRTokensAnalyzer.cpp */ = {isa = PBXFileReference; fileEncoding = 4; lastKnownFileType = sourcecode.cpp.cpp; path = DTRTokensAnalyzer.cpp; sourceTree = "<group>"; };
		E8E855E01D5D91F100ED360E /* DTRTokensAnalyzer.hpp */ = {isa = PBXFileReference; fileEncoding = 4; lastKnownFileType = sourcecode.cpp.h; path = DTRTokensAnalyzer.hpp; sourceTree = "<group>"; };
		E8E855E21D5D920100ED360E /* DTRLexem.cpp */ = {isa = PBXFileReference; fileEncoding = 4; lastKnownFileType = sourcecode.cpp.cpp; path = DTRLexem.cpp; sourceTree = "<group>"; };
		E8E855E31D5D920100ED360E /* DTRLexem.hpp */ = {isa = PBXFileReference; fileEncoding = 4; lastKnownFileType = sourcecode.cpp.h; path = DTRLexem.hpp; sourceTree = "<group>"; };
		E8E855E61D5D94E300ED360E /* DTRSymbosLexem.cpp */ = {isa = PBXFileReference; fileEncoding = 4; lastKnownFileType = sourcecode.cpp.cpp; path = DTRSymbosLexem.cpp; sourceTree = "<group>"; };
		E8E855E71D5D94E300ED360E /* DTRSymbosLexem.hpp */ = {isa = PBXFileReference; fileEncoding = 4; lastKnownFileType = sourcecode.cpp.h; path = DTRSymbosLexem.hpp; sourceTree = "<group>"; };
		E8E855E91D5D973B00ED360E /* DTRRangeLexem.cpp */ = {isa = PBXFileReference; fileEncoding = 4; lastKnownFileType = sourcecode.cpp.cpp; path = DTRRangeLexem.cpp; sourceTree = "<group>"; };
		E8E855EA1D5D973B00ED360E /* DTRRangeLexem.hpp */ = {isa = PBXFileReference; fileEncoding = 4; lastKnownFileType = sourcecode.cpp.h; path = DTRRangeLexem.hpp; sourceTree = "<group>"; };
		E8E855EC1D5D975200ED360E /* DTRListLexem.cpp */ = {isa = PBXFileReference; fileEncoding = 4; lastKnownFileType = sourcecode.cpp.cpp; path = DTRListLexem.cpp; sourceTree = "<group>"; };
		E8E855ED1D5D975200ED360E /* DTRListLexem.hpp */ = {isa = PBXFileReference; fileEncoding = 4; lastKnownFileType = sourcecode.cpp.h; path = DTRListLexem.hpp; sourceTree = "<group>"; };
		E8E855EF1D5D977900ED360E /* DTRNotLexem.cpp */ = {isa = PBXFileReference; fileEncoding = 4; lastKnownFileType = sourcecode.cpp.cpp; path = DTRNotLexem.cpp; sourceTree = "<group>"; };
		E8E855F01D5D977900ED360E /* DTRNotLexem.hpp */ = {isa = PBXFileReference; fileEncoding = 4; lastKnownFileType = sourcecode.cpp.h; path = DTRNotLexem.hpp; sourceTree = "<group>"; };
		E8E855F21D5D978E00ED360E /* DTRSequenceLexem.cpp */ = {isa = PBXFileReference; fileEncoding = 4; lastKnownFileType = sourcecode.cpp.cpp; path = DTRSequenceLexem.cpp; sourceTree = "<group>"; };
		E8E855F31D5D978E00ED360E /* DTRSequenceLexem.hpp */ = {isa = PBXFileReference; fileEncoding = 4; lastKnownFileType = sourcecode.cpp.h; path = DTRSequenceLexem.hpp; sourceTree = "<group>"; };
		E8E855F51D5D979F00ED360E /* DTRIfLexem.cpp */ = {isa = PBXFileReference; fileEncoding = 4; lastKnownFileType = sourcecode.cpp.cpp; path = DTRIfLexem.cpp; sourceTree = "<group>"; };
		E8E855F61D5D979F00ED360E /* DTRIfLexem.hpp */ = {isa = PBXFileReference; fileEncoding = 4; lastKnownFileType = sourcecode.cpp.h; path = DTRIfLexem.hpp; sourceTree = "<group>"; };
		E8E855F81D5D97AC00ED360E /* DTRConcatenationLexem.cpp */ = {isa = PBXFileReference; fileEncoding = 4; lastKnownFileType = sourcecode.cpp.cpp; path = DTRConcatenationLexem.cpp; sourceTree = "<group>"; };
		E8E855F91D5D97AC00ED360E /* DTRConcatenationLexem.hpp */ = {isa = PBXFileReference; fileEncoding = 4; lastKnownFileType = sourcecode.cpp.h; path = DTRConcatenationLexem.hpp; sourceTree = "<group>"; };
		E8E855FC1D5DB50D00ED360E /* DTRSyntacticAnalyzer.cpp */ = {isa = PBXFileReference; fileEncoding = 4; lastKnownFileType = sourcecode.cpp.cpp; path = DTRSyntacticAnalyzer.cpp; sourceTree = "<group>"; };
		E8E855FD1D5DB50D00ED360E /* DTRSyntacticAnalyzer.hpp */ = {isa = PBXFileReference; fileEncoding = 4; lastKnownFileType = sourcecode.cpp.h; path = DTRSyntacticAnalyzer.hpp; sourceTree = "<group>"; };
/* End PBXFileReference section */

/* Begin PBXFrameworksBuildPhase section */
		E8E855D11D5D84ED00ED360E /* Frameworks */ = {
			isa = PBXFrameworksBuildPhase;
			buildActionMask = 2147483647;
			files = (
			);
			runOnlyForDeploymentPostprocessing = 0;
		};
/* End PBXFrameworksBuildPhase section */

/* Begin PBXGroup section */
		E80CB01A1D5DC9C900FFD217 /* DTRLexemParser */ = {
			isa = PBXGroup;
			children = (
				E8E664D11D64B17C00446EF3 /* SyntacticObjects */,
				E80CB01C1D5DCA0200FFD217 /* DTRLexemParser.hpp */,
				E80CB01B1D5DCA0200FFD217 /* DTRLexemParser.cpp */,
				E8E664D61D64B21200446EF3 /* TokenAnalyzerCreater.hpp */,
				E8E664D51D64B21200446EF3 /* TokenAnalyzerCreater.cpp */,
			);
			name = DTRLexemParser;
			sourceTree = "<group>";
		};
		E8E664D11D64B17C00446EF3 /* SyntacticObjects */ = {
			isa = PBXGroup;
			children = (
				E8E664D31D64B18D00446EF3 /* DelimiterSyntacticObject.hpp */,
				E8E664D21D64B18D00446EF3 /* DelimiterSyntacticObject.cpp */,
				E8E664D91D64B34800446EF3 /* LexemSyntacticObject.hpp */,
				E8E664D81D64B34800446EF3 /* LexemSyntacticObject.cpp */,
				E8E664DC1D64B37300446EF3 /* NotLexemSyntacticObject.hpp */,
				E8E664DB1D64B37300446EF3 /* NotLexemSyntacticObject.cpp */,
				E8E664DF1D64B3B100446EF3 /* RangeSyntacticObject.hpp */,
				E8E664DE1D64B3B100446EF3 /* RangeSyntacticObject.cpp */,
				E8E664F11D64CB1400446EF3 /* PlusClinicalSyntacticObject.hpp */,
				E8E664F01D64CB1400446EF3 /* PlusClinicalSyntacticObject.cpp */,
				E8E664E51D64B3D900446EF3 /* ClinicalSyntacticObject.hpp */,
				E8E664E41D64B3D900446EF3 /* ClinicalSyntacticObject.cpp */,
				E8E664E81D64B3EC00446EF3 /* QuestionSyntacticObject.hpp */,
				E8E664E71D64B3EC00446EF3 /* QuestionSyntacticObject.cpp */,
				E8E664EB1D64B40200446EF3 /* ConcatenationSyntacticObject.hpp */,
				E8E664EA1D64B40200446EF3 /* ConcatenationSyntacticObject.cpp */,
				E8E664EE1D64B4AC00446EF3 /* DTRAllSyntacticObjectsForLexemParse.hpp */,
			);
			name = SyntacticObjects;
			sourceTree = "<group>";
		};
		E8E855CB1D5D84ED00ED360E = {
			isa = PBXGroup;
			children = (
				E8E855D61D5D84ED00ED360E /* DTR */,
				E8E855D51D5D84ED00ED360E /* Products */,
			);
			sourceTree = "<group>";
		};
		E8E855D51D5D84ED00ED360E /* Products */ = {
			isa = PBXGroup;
			children = (
				E8E855D41D5D84ED00ED360E /* DTR */,
			);
			name = Products;
			sourceTree = "<group>";
		};
		E8E855D61D5D84ED00ED360E /* DTR */ = {
			isa = PBXGroup;
			children = (
				E80CB01A1D5DC9C900FFD217 /* DTRLexemParser */,
				E8E855FB1D5DB44500ED360E /* DTRSyntacticObject */,
				E8E855DE1D5D91C000ED360E /* DTRTokensAnalyzer */,
				E8E855D71D5D84EE00ED360E /* main.cpp */,
			);
			path = DTR;
			sourceTree = "<group>";
		};
		E8E855DE1D5D91C000ED360E /* DTRTokensAnalyzer */ = {
			isa = PBXGroup;
			children = (
				E8E855E51D5D948B00ED360E /* lexems */,
				E8E855E01D5D91F100ED360E /* DTRTokensAnalyzer.hpp */,
				E8E855DF1D5D91F100ED360E /* DTRTokensAnalyzer.cpp */,
				E80CB0121D5DBF3000FFD217 /* DTRLexemString.hpp */,
				E80CB0111D5DBF3000FFD217 /* DTRLexemString.cpp */,
			);
			name = DTRTokensAnalyzer;
			sourceTree = "<group>";
		};
		E8E855E51D5D948B00ED360E /* lexems */ = {
			isa = PBXGroup;
			children = (
				E8E855E31D5D920100ED360E /* DTRLexem.hpp */,
				E8E855E21D5D920100ED360E /* DTRLexem.cpp */,
				E8E855E71D5D94E300ED360E /* DTRSymbosLexem.hpp */,
				E8E855E61D5D94E300ED360E /* DTRSymbosLexem.cpp */,
				E8E855EA1D5D973B00ED360E /* DTRRangeLexem.hpp */,
				E8E855E91D5D973B00ED360E /* DTRRangeLexem.cpp */,
				E8E855ED1D5D975200ED360E /* DTRListLexem.hpp */,
				E8E855EC1D5D975200ED360E /* DTRListLexem.cpp */,
				E8E855F01D5D977900ED360E /* DTRNotLexem.hpp */,
				E8E855EF1D5D977900ED360E /* DTRNotLexem.cpp */,
				E8E855F31D5D978E00ED360E /* DTRSequenceLexem.hpp */,
				E8E855F21D5D978E00ED360E /* DTRSequenceLexem.cpp */,
				E8E855F61D5D979F00ED360E /* DTRIfLexem.hpp */,
				E8E855F51D5D979F00ED360E /* DTRIfLexem.cpp */,
				E8E855F91D5D97AC00ED360E /* DTRConcatenationLexem.hpp */,
				E8E855F81D5D97AC00ED360E /* DTRConcatenationLexem.cpp */,
				E8E664D01D64761100446EF3 /* DTRAllLexems.h */,
			);
			name = lexems;
			sourceTree = "<group>";
		};
		E8E855FB1D5DB44500ED360E /* DTRSyntacticObject */ = {
			isa = PBXGroup;
			children = (
				E8E855FD1D5DB50D00ED360E /* DTRSyntacticAnalyzer.hpp */,
				E8E855FC1D5DB50D00ED360E /* DTRSyntacticAnalyzer.cpp */,
				E80CB0151D5DC86500FFD217 /* DTRSyntacticResultObject.hpp */,
				E80CB0141D5DC86500FFD217 /* DTRSyntacticResultObject.cpp */,
				E80CB0181D5DC90E00FFD217 /* DTRSyntacticObject.hpp */,
				E80CB0171D5DC90E00FFD217 /* DTRSyntacticObject.cpp */,
			);
			name = DTRSyntacticObject;
			sourceTree = "<group>";
		};
/* End PBXGroup section */

/* Begin PBXNativeTarget section */
		E8E855D31D5D84ED00ED360E /* DTR */ = {
			isa = PBXNativeTarget;
			buildConfigurationList = E8E855DB1D5D84EE00ED360E /* Build configuration list for PBXNativeTarget "DTR" */;
			buildPhases = (
				E8E855D01D5D84ED00ED360E /* Sources */,
				E8E855D11D5D84ED00ED360E /* Frameworks */,
				E8E855D21D5D84ED00ED360E /* CopyFiles */,
			);
			buildRules = (
			);
			dependencies = (
			);
			name = DTR;
			productName = DTR;
			productReference = E8E855D41D5D84ED00ED360E /* DTR */;
			productType = "com.apple.product-type.tool";
		};
/* End PBXNativeTarget section */

/* Begin PBXProject section */
		E8E855CC1D5D84ED00ED360E /* Project object */ = {
			isa = PBXProject;
			attributes = {
				LastUpgradeCheck = 0730;
				ORGANIZATIONNAME = "Alexander Shipin";
				TargetAttributes = {
					E8E855D31D5D84ED00ED360E = {
						CreatedOnToolsVersion = 7.3;
					};
				};
			};
			buildConfigurationList = E8E855CF1D5D84ED00ED360E /* Build configuration list for PBXProject "DTR" */;
			compatibilityVersion = "Xcode 3.2";
			developmentRegion = English;
			hasScannedForEncodings = 0;
			knownRegions = (
				en,
			);
			mainGroup = E8E855CB1D5D84ED00ED360E;
			productRefGroup = E8E855D51D5D84ED00ED360E /* Products */;
			projectDirPath = "";
			projectRoot = "";
			targets = (
				E8E855D31D5D84ED00ED360E /* DTR */,
			);
		};
/* End PBXProject section */

/* Begin PBXSourcesBuildPhase section */
		E8E855D01D5D84ED00ED360E /* Sources */ = {
			isa = PBXSourcesBuildPhase;
			buildActionMask = 2147483647;
			files = (
				E8E855E11D5D91F100ED360E /* DTRTokensAnalyzer.cpp in Sources */,
				E8E855F11D5D977900ED360E /* DTRNotLexem.cpp in Sources */,
				E8E664E91D64B3EC00446EF3 /* QuestionSyntacticObject.cpp in Sources */,
				E8E855F71D5D979F00ED360E /* DTRIfLexem.cpp in Sources */,
				E8E664E01D64B3B100446EF3 /* RangeSyntacticObject.cpp in Sources */,
				E8E855FA1D5D97AC00ED360E /* DTRConcatenationLexem.cpp in Sources */,
				E80CB0161D5DC86500FFD217 /* DTRSyntacticResultObject.cpp in Sources */,
				E8E664E61D64B3D900446EF3 /* ClinicalSyntacticObject.cpp in Sources */,
				E8E664DA1D64B34800446EF3 /* LexemSyntacticObject.cpp in Sources */,
				E8E664D41D64B18D00446EF3 /* DelimiterSyntacticObject.cpp in Sources */,
				E8E855E81D5D94E300ED360E /* DTRSymbosLexem.cpp in Sources */,
				E8E855F41D5D978E00ED360E /* DTRSequenceLexem.cpp in Sources */,
				E80CB0131D5DBF3000FFD217 /* DTRLexemString.cpp in Sources */,
				E8E855EE1D5D975200ED360E /* DTRListLexem.cpp in Sources */,
				E8E855D81D5D84EE00ED360E /* main.cpp in Sources */,
				E8E664EC1D64B40200446EF3 /* ConcatenationSyntacticObject.cpp in Sources */,
				E8E855E41D5D920100ED360E /* DTRLexem.cpp in Sources */,
				E80CB01D1D5DCA0200FFD217 /* DTRLexemParser.cpp in Sources */,
				E8E855EB1D5D973B00ED360E /* DTRRangeLexem.cpp in Sources */,
				E80CB0191D5DC90E00FFD217 /* DTRSyntacticObject.cpp in Sources */,
				E8E664F21D64CB1400446EF3 /* PlusClinicalSyntacticObject.cpp in Sources */,
				E8E664D71D64B21200446EF3 /* TokenAnalyzerCreater.cpp in Sources */,
				E8E664DD1D64B37300446EF3 /* NotLexemSyntacticObject.cpp in Sources */,
				E8E855FE1D5DB50D00ED360E /* DTRSyntacticAnalyzer.cpp in Sources */,
			);
			runOnlyForDeploymentPostprocessing = 0;
		};
/* End PBXSourcesBuildPhase section */

/* Begin XCBuildConfiguration section */
		E8E855D91D5D84EE00ED360E /* Debug */ = {
			isa = XCBuildConfiguration;
			buildSettings = {
				ALWAYS_SEARCH_USER_PATHS = NO;
				CLANG_ANALYZER_NONNULL = YES;
				CLANG_CXX_LANGUAGE_STANDARD = "gnu++0x";
				CLANG_CXX_LIBRARY = "libc++";
				CLANG_ENABLE_MODULES = YES;
				CLANG_ENABLE_OBJC_ARC = YES;
				CLANG_WARN_BOOL_CONVERSION = YES;
				CLANG_WARN_CONSTANT_CONVERSION = YES;
				CLANG_WARN_DIRECT_OBJC_ISA_USAGE = YES_ERROR;
				CLANG_WARN_EMPTY_BODY = YES;
				CLANG_WARN_ENUM_CONVERSION = YES;
				CLANG_WARN_INT_CONVERSION = YES;
				CLANG_WARN_OBJC_ROOT_CLASS = YES_ERROR;
				CLANG_WARN_UNREACHABLE_CODE = YES;
				CLANG_WARN__DUPLICATE_METHOD_MATCH = YES;
				CODE_SIGN_IDENTITY = "-";
				COPY_PHASE_STRIP = NO;
				DEBUG_INFORMATION_FORMAT = dwarf;
				ENABLE_STRICT_OBJC_MSGSEND = YES;
				ENABLE_TESTABILITY = YES;
				GCC_C_LANGUAGE_STANDARD = gnu99;
				GCC_DYNAMIC_NO_PIC = NO;
				GCC_NO_COMMON_BLOCKS = YES;
				GCC_OPTIMIZATION_LEVEL = 0;
				GCC_PREPROCESSOR_DEFINITIONS = (
					"DEBUG=1",
					"$(inherited)",
				);
				GCC_WARN_64_TO_32_BIT_CONVERSION = YES;
				GCC_WARN_ABOUT_RETURN_TYPE = YES_ERROR;
				GCC_WARN_UNDECLARED_SELECTOR = YES;
				GCC_WARN_UNINITIALIZED_AUTOS = YES_AGGRESSIVE;
				GCC_WARN_UNUSED_FUNCTION = YES;
				GCC_WARN_UNUSED_VARIABLE = YES;
				MACOSX_DEPLOYMENT_TARGET = 10.11;
				MTL_ENABLE_DEBUG_INFO = YES;
				ONLY_ACTIVE_ARCH = YES;
				SDKROOT = macosx;
			};
			name = Debug;
		};
		E8E855DA1D5D84EE00ED360E /* Release */ = {
			isa = XCBuildConfiguration;
			buildSettings = {
				ALWAYS_SEARCH_USER_PATHS = NO;
				CLANG_ANALYZER_NONNULL = YES;
				CLANG_CXX_LANGUAGE_STANDARD = "gnu++0x";
				CLANG_CXX_LIBRARY = "libc++";
				CLANG_ENABLE_MODULES = YES;
				CLANG_ENABLE_OBJC_ARC = YES;
				CLANG_WARN_BOOL_CONVERSION = YES;
				CLANG_WARN_CONSTANT_CONVERSION = YES;
				CLANG_WARN_DIRECT_OBJC_ISA_USAGE = YES_ERROR;
				CLANG_WARN_EMPTY_BODY = YES;
				CLANG_WARN_ENUM_CONVERSION = YES;
				CLANG_WARN_INT_CONVERSION = YES;
				CLANG_WARN_OBJC_ROOT_CLASS = YES_ERROR;
				CLANG_WARN_UNREACHABLE_CODE = YES;
				CLANG_WARN__DUPLICATE_METHOD_MATCH = YES;
				CODE_SIGN_IDENTITY = "-";
				COPY_PHASE_STRIP = NO;
				DEBUG_INFORMATION_FORMAT = "dwarf-with-dsym";
				ENABLE_NS_ASSERTIONS = NO;
				ENABLE_STRICT_OBJC_MSGSEND = YES;
				GCC_C_LANGUAGE_STANDARD = gnu99;
				GCC_NO_COMMON_BLOCKS = YES;
				GCC_WARN_64_TO_32_BIT_CONVERSION = YES;
				GCC_WARN_ABOUT_RETURN_TYPE = YES_ERROR;
				GCC_WARN_UNDECLARED_SELECTOR = YES;
				GCC_WARN_UNINITIALIZED_AUTOS = YES_AGGRESSIVE;
				GCC_WARN_UNUSED_FUNCTION = YES;
				GCC_WARN_UNUSED_VARIABLE = YES;
				MACOSX_DEPLOYMENT_TARGET = 10.11;
				MTL_ENABLE_DEBUG_INFO = NO;
				SDKROOT = macosx;
			};
			name = Release;
		};
		E8E855DC1D5D84EE00ED360E /* Debug */ = {
			isa = XCBuildConfiguration;
			buildSettings = {
				PRODUCT_NAME = "$(TARGET_NAME)";
			};
			name = Debug;
		};
		E8E855DD1D5D84EE00ED360E /* Release */ = {
			isa = XCBuildConfiguration;
			buildSettings = {
				PRODUCT_NAME = "$(TARGET_NAME)";
			};
			name = Release;
		};
/* End XCBuildConfiguration section */

/* Begin XCConfigurationList section */
		E8E855CF1D5D84ED00ED360E /* Build configuration list for PBXProject "DTR" */ = {
			isa = XCConfigurationList;
			buildConfigurations = (
				E8E855D91D5D84EE00ED360E /* Debug */,
				E8E855DA1D5D84EE00ED360E /* Release */,
			);
			defaultConfigurationIsVisible = 0;
			defaultConfigurationName = Release;
		};
		E8E855DB1D5D84EE00ED360E /* Build configuration list for PBXNativeTarget "DTR" */ = {
			isa = XCConfigurationList;
			buildConfigurations = (
				E8E855DC1D5D84EE00ED360E /* Debug */,
				E8E855DD1D5D84EE00ED360E /* Release */,
			);
			defaultConfigurationIsVisible = 0;
			defaultConfigurationName = Release;
		};
/* End XCConfigurationList section */
	};
	rootObject = E8E855CC1D5D84ED00ED360E /* Project object */;
}
